// !$*UTF8*$!
{
	archiveVersion = 1;
	classes = {
	};
	objectVersion = 55;
	objects = {

/* Begin PBXBuildFile section */
		96E7E80128D6FBCF008C7957 /* AppDelegate.swift in Sources */ = {isa = PBXBuildFile; fileRef = 96E7E80028D6FBCF008C7957 /* AppDelegate.swift */; };
		96E7E80328D6FBCF008C7957 /* SceneDelegate.swift in Sources */ = {isa = PBXBuildFile; fileRef = 96E7E80228D6FBCF008C7957 /* SceneDelegate.swift */; };
		96E7E80528D6FBCF008C7957 /* ViewController.swift in Sources */ = {isa = PBXBuildFile; fileRef = 96E7E80428D6FBCF008C7957 /* ViewController.swift */; };
		96E7E80828D6FBCF008C7957 /* Main.storyboard in Resources */ = {isa = PBXBuildFile; fileRef = 96E7E80628D6FBCF008C7957 /* Main.storyboard */; };
		96E7E80A28D6FBD5008C7957 /* Assets.xcassets in Resources */ = {isa = PBXBuildFile; fileRef = 96E7E80928D6FBD5008C7957 /* Assets.xcassets */; };
		96E7E80D28D6FBD5008C7957 /* LaunchScreen.storyboard in Resources */ = {isa = PBXBuildFile; fileRef = 96E7E80B28D6FBD5008C7957 /* LaunchScreen.storyboard */; };
		96E7E81528D6FCB4008C7957 /* StudentsViewController.swift in Sources */ = {isa = PBXBuildFile; fileRef = 96E7E81428D6FCB4008C7957 /* StudentsViewController.swift */; };
		96E7E81728D6FDA5008C7957 /* StudentDataViewController.swift in Sources */ = {isa = PBXBuildFile; fileRef = 96E7E81628D6FDA5008C7957 /* StudentDataViewController.swift */; };
		96E7E81A28D6FEE1008C7957 /* Realm in Frameworks */ = {isa = PBXBuildFile; productRef = 96E7E81928D6FEE1008C7957 /* Realm */; };
		96E7E81C28D6FEE1008C7957 /* RealmSwift in Frameworks */ = {isa = PBXBuildFile; productRef = 96E7E81B28D6FEE1008C7957 /* RealmSwift */; };
		96E7E81E28D709C5008C7957 /* Student.swift in Sources */ = {isa = PBXBuildFile; fileRef = 96E7E81D28D709C4008C7957 /* Student.swift */; };
		96E7E82028D72A5E008C7957 /* DataTableViewCell.swift in Sources */ = {isa = PBXBuildFile; fileRef = 96E7E81F28D72A5D008C7957 /* DataTableViewCell.swift */; };
/* End PBXBuildFile section */

/* Begin PBXFileReference section */
		96E7E7FD28D6FBCF008C7957 /* StudentManager.app */ = {isa = PBXFileReference; explicitFileType = wrapper.application; includeInIndex = 0; path = StudentManager.app; sourceTree = BUILT_PRODUCTS_DIR; };
		96E7E80028D6FBCF008C7957 /* AppDelegate.swift */ = {isa = PBXFileReference; lastKnownFileType = sourcecode.swift; path = AppDelegate.swift; sourceTree = "<group>"; };
		96E7E80228D6FBCF008C7957 /* SceneDelegate.swift */ = {isa = PBXFileReference; lastKnownFileType = sourcecode.swift; path = SceneDelegate.swift; sourceTree = "<group>"; };
		96E7E80428D6FBCF008C7957 /* ViewController.swift */ = {isa = PBXFileReference; lastKnownFileType = sourcecode.swift; path = ViewController.swift; sourceTree = "<group>"; };
		96E7E80728D6FBCF008C7957 /* Base */ = {isa = PBXFileReference; lastKnownFileType = file.storyboard; name = Base; path = Base.lproj/Main.storyboard; sourceTree = "<group>"; };
		96E7E80928D6FBD5008C7957 /* Assets.xcassets */ = {isa = PBXFileReference; lastKnownFileType = folder.assetcatalog; path = Assets.xcassets; sourceTree = "<group>"; };
		96E7E80C28D6FBD5008C7957 /* Base */ = {isa = PBXFileReference; lastKnownFileType = file.storyboard; name = Base; path = Base.lproj/LaunchScreen.storyboard; sourceTree = "<group>"; };
		96E7E80E28D6FBD5008C7957 /* Info.plist */ = {isa = PBXFileReference; lastKnownFileType = text.plist.xml; path = Info.plist; sourceTree = "<group>"; };
		96E7E81428D6FCB4008C7957 /* StudentsViewController.swift */ = {isa = PBXFileReference; lastKnownFileType = sourcecode.swift; path = StudentsViewController.swift; sourceTree = "<group>"; };
		96E7E81628D6FDA5008C7957 /* StudentDataViewController.swift */ = {isa = PBXFileReference; lastKnownFileType = sourcecode.swift; path = StudentDataViewController.swift; sourceTree = "<group>"; };
		96E7E81D28D709C4008C7957 /* Student.swift */ = {isa = PBXFileReference; lastKnownFileType = sourcecode.swift; path = Student.swift; sourceTree = "<group>"; };
		96E7E81F28D72A5D008C7957 /* DataTableViewCell.swift */ = {isa = PBXFileReference; lastKnownFileType = sourcecode.swift; path = DataTableViewCell.swift; sourceTree = "<group>"; };
/* End PBXFileReference section */

/* Begin PBXFrameworksBuildPhase section */
		96E7E7FA28D6FBCF008C7957 /* Frameworks */ = {
			isa = PBXFrameworksBuildPhase;
			buildActionMask = 2147483647;
			files = (
				96E7E81C28D6FEE1008C7957 /* RealmSwift in Frameworks */,
				96E7E81A28D6FEE1008C7957 /* Realm in Frameworks */,
			);
			runOnlyForDeploymentPostprocessing = 0;
		};
/* End PBXFrameworksBuildPhase section */

/* Begin PBXGroup section */
		96E7E7F428D6FBCF008C7957 = {
			isa = PBXGroup;
			children = (
				96E7E7FF28D6FBCF008C7957 /* StudentManager */,
				96E7E7FE28D6FBCF008C7957 /* Products */,
			);
			sourceTree = "<group>";
		};
		96E7E7FE28D6FBCF008C7957 /* Products */ = {
			isa = PBXGroup;
			children = (
				96E7E7FD28D6FBCF008C7957 /* StudentManager.app */,
			);
			name = Products;
			sourceTree = "<group>";
		};
		96E7E7FF28D6FBCF008C7957 /* StudentManager */ = {
			isa = PBXGroup;
			children = (
				96E7E80028D6FBCF008C7957 /* AppDelegate.swift */,
				96E7E80228D6FBCF008C7957 /* SceneDelegate.swift */,
				96E7E80428D6FBCF008C7957 /* ViewController.swift */,
				96E7E80628D6FBCF008C7957 /* Main.storyboard */,
				96E7E80928D6FBD5008C7957 /* Assets.xcassets */,
				96E7E80B28D6FBD5008C7957 /* LaunchScreen.storyboard */,
				96E7E80E28D6FBD5008C7957 /* Info.plist */,
				96E7E81428D6FCB4008C7957 /* StudentsViewController.swift */,
				96E7E81628D6FDA5008C7957 /* StudentDataViewController.swift */,
				96E7E81D28D709C4008C7957 /* Student.swift */,
				96E7E81F28D72A5D008C7957 /* DataTableViewCell.swift */,
			);
			path = StudentManager;
			sourceTree = "<group>";
		};
/* End PBXGroup section */

/* Begin PBXNativeTarget section */
		96E7E7FC28D6FBCF008C7957 /* StudentManager */ = {
			isa = PBXNativeTarget;
			buildConfigurationList = 96E7E81128D6FBD5008C7957 /* Build configuration list for PBXNativeTarget "StudentManager" */;
			buildPhases = (
				96E7E7F928D6FBCF008C7957 /* Sources */,
				96E7E7FA28D6FBCF008C7957 /* Frameworks */,
				96E7E7FB28D6FBCF008C7957 /* Resources */,
			);
			buildRules = (
			);
			dependencies = (
			);
			name = StudentManager;
			packageProductDependencies = (
				96E7E81928D6FEE1008C7957 /* Realm */,
				96E7E81B28D6FEE1008C7957 /* RealmSwift */,
			);
			productName = StudentManager;
			productReference = 96E7E7FD28D6FBCF008C7957 /* StudentManager.app */;
			productType = "com.apple.product-type.application";
		};
/* End PBXNativeTarget section */

/* Begin PBXProject section */
		96E7E7F528D6FBCF008C7957 /* Project object */ = {
			isa = PBXProject;
			attributes = {
				BuildIndependentTargetsInParallel = 1;
				LastSwiftUpdateCheck = 1340;
				LastUpgradeCheck = 1340;
				TargetAttributes = {
					96E7E7FC28D6FBCF008C7957 = {
						CreatedOnToolsVersion = 13.4.1;
					};
				};
			};
			buildConfigurationList = 96E7E7F828D6FBCF008C7957 /* Build configuration list for PBXProject "StudentManager" */;
			compatibilityVersion = "Xcode 13.0";
			developmentRegion = en;
			hasScannedForEncodings = 0;
			knownRegions = (
				en,
				Base,
			);
			mainGroup = 96E7E7F428D6FBCF008C7957;
			packageReferences = (
				96E7E81828D6FEE1008C7957 /* XCRemoteSwiftPackageReference "realm-swift" */,
			);
			productRefGroup = 96E7E7FE28D6FBCF008C7957 /* Products */;
			projectDirPath = "";
			projectRoot = "";
			targets = (
				96E7E7FC28D6FBCF008C7957 /* StudentManager */,
			);
		};
/* End PBXProject section */

/* Begin PBXResourcesBuildPhase section */
		96E7E7FB28D6FBCF008C7957 /* Resources */ = {
			isa = PBXResourcesBuildPhase;
			buildActionMask = 2147483647;
			files = (
				96E7E80D28D6FBD5008C7957 /* LaunchScreen.storyboard in Resources */,
				96E7E80A28D6FBD5008C7957 /* Assets.xcassets in Resources */,
				96E7E80828D6FBCF008C7957 /* Main.storyboard in Resources */,
			);
			runOnlyForDeploymentPostprocessing = 0;
		};
/* End PBXResourcesBuildPhase section */

/* Begin PBXSourcesBuildPhase section */
		96E7E7F928D6FBCF008C7957 /* Sources */ = {
			isa = PBXSourcesBuildPhase;
			buildActionMask = 2147483647;
			files = (
				96E7E81528D6FCB4008C7957 /* StudentsViewController.swift in Sources */,
				96E7E81E28D709C5008C7957 /* Student.swift in Sources */,
				96E7E80528D6FBCF008C7957 /* ViewController.swift in Sources */,
				96E7E80128D6FBCF008C7957 /* AppDelegate.swift in Sources */,
				96E7E80328D6FBCF008C7957 /* SceneDelegate.swift in Sources */,
				96E7E82028D72A5E008C7957 /* DataTableViewCell.swift in Sources */,
				96E7E81728D6FDA5008C7957 /* StudentDataViewController.swift in Sources */,
			);
			runOnlyForDeploymentPostprocessing = 0;
		};
/* End PBXSourcesBuildPhase section */

/* Begin PBXVariantGroup section */
		96E7E80628D6FBCF008C7957 /* Main.storyboard */ = {
			isa = PBXVariantGroup;
			children = (
				96E7E80728D6FBCF008C7957 /* Base */,
			);
			name = Main.storyboard;
			sourceTree = "<group>";
		};
		96E7E80B28D6FBD5008C7957 /* LaunchScreen.storyboard */ = {
			isa = PBXVariantGroup;
			children = (
				96E7E80C28D6FBD5008C7957 /* Base */,
			);
			name = LaunchScreen.storyboard;
			sourceTree = "<group>";
		};
/* End PBXVariantGroup section */

/* Begin XCBuildConfiguration section */
		96E7E80F28D6FBD5008C7957 /* Debug */ = {
			isa = XCBuildConfiguration;
			buildSettings = {
				ALWAYS_SEARCH_USER_PATHS = NO;
				CLANG_ANALYZER_NONNULL = YES;
				CLANG_ANALYZER_NUMBER_OBJECT_CONVERSION = YES_AGGRESSIVE;
				CLANG_CXX_LANGUAGE_STANDARD = "gnu++17";
				CLANG_ENABLE_MODULES = YES;
				CLANG_ENABLE_OBJC_ARC = YES;
				CLANG_ENABLE_OBJC_WEAK = YES;
				CLANG_WARN_BLOCK_CAPTURE_AUTORELEASING = YES;
				CLANG_WARN_BOOL_CONVERSION = YES;
				CLANG_WARN_COMMA = YES;
				CLANG_WARN_CONSTANT_CONVERSION = YES;
				CLANG_WARN_DEPRECATED_OBJC_IMPLEMENTATIONS = YES;
				CLANG_WARN_DIRECT_OBJC_ISA_USAGE = YES_ERROR;
				CLANG_WARN_DOCUMENTATION_COMMENTS = YES;
				CLANG_WARN_EMPTY_BODY = YES;
				CLANG_WARN_ENUM_CONVERSION = YES;
				CLANG_WARN_INFINITE_RECURSION = YES;
				CLANG_WARN_INT_CONVERSION = YES;
				CLANG_WARN_NON_LITERAL_NULL_CONVERSION = YES;
				CLANG_WARN_OBJC_IMPLICIT_RETAIN_SELF = YES;
				CLANG_WARN_OBJC_LITERAL_CONVERSION = YES;
				CLANG_WARN_OBJC_ROOT_CLASS = YES_ERROR;
				CLANG_WARN_QUOTED_INCLUDE_IN_FRAMEWORK_HEADER = YES;
				CLANG_WARN_RANGE_LOOP_ANALYSIS = YES;
				CLANG_WARN_STRICT_PROTOTYPES = YES;
				CLANG_WARN_SUSPICIOUS_MOVE = YES;
				CLANG_WARN_UNGUARDED_AVAILABILITY = YES_AGGRESSIVE;
				CLANG_WARN_UNREACHABLE_CODE = YES;
				CLANG_WARN__DUPLICATE_METHOD_MATCH = YES;
				COPY_PHASE_STRIP = NO;
				DEBUG_INFORMATION_FORMAT = dwarf;
				ENABLE_STRICT_OBJC_MSGSEND = YES;
				ENABLE_TESTABILITY = YES;
				GCC_C_LANGUAGE_STANDARD = gnu11;
				GCC_DYNAMIC_NO_PIC = NO;
				GCC_NO_COMMON_BLOCKS = YES;
				GCC_OPTIMIZATION_LEVEL = 0;
				GCC_PREPROCESSOR_DEFINITIONS = (
					"DEBUG=1",
					"$(inherited)",
				);
				GCC_WARN_64_TO_32_BIT_CONVERSION = YES;
				GCC_WARN_ABOUT_RETURN_TYPE = YES_ERROR;
				GCC_WARN_UNDECLARED_SELECTOR = YES;
				GCC_WARN_UNINITIALIZED_AUTOS = YES_AGGRESSIVE;
				GCC_WARN_UNUSED_FUNCTION = YES;
				GCC_WARN_UNUSED_VARIABLE = YES;
				IPHONEOS_DEPLOYMENT_TARGET = 15.5;
				MTL_ENABLE_DEBUG_INFO = INCLUDE_SOURCE;
				MTL_FAST_MATH = YES;
				ONLY_ACTIVE_ARCH = YES;
				SDKROOT = iphoneos;
				SWIFT_ACTIVE_COMPILATION_CONDITIONS = DEBUG;
				SWIFT_OPTIMIZATION_LEVEL = "-Onone";
			};
			name = Debug;
		};
		96E7E81028D6FBD5008C7957 /* Release */ = {
			isa = XCBuildConfiguration;
			buildSettings = {
				ALWAYS_SEARCH_USER_PATHS = NO;
				CLANG_ANALYZER_NONNULL = YES;
				CLANG_ANALYZER_NUMBER_OBJECT_CONVERSION = YES_AGGRESSIVE;
				CLANG_CXX_LANGUAGE_STANDARD = "gnu++17";
				CLANG_ENABLE_MODULES = YES;
				CLANG_ENABLE_OBJC_ARC = YES;
				CLANG_ENABLE_OBJC_WEAK = YES;
				CLANG_WARN_BLOCK_CAPTURE_AUTORELEASING = YES;
				CLANG_WARN_BOOL_CONVERSION = YES;
				CLANG_WARN_COMMA = YES;
				CLANG_WARN_CONSTANT_CONVERSION = YES;
				CLANG_WARN_DEPRECATED_OBJC_IMPLEMENTATIONS = YES;
				CLANG_WARN_DIRECT_OBJC_ISA_USAGE = YES_ERROR;
				CLANG_WARN_DOCUMENTATION_COMMENTS = YES;
				CLANG_WARN_EMPTY_BODY = YES;
				CLANG_WARN_ENUM_CONVERSION = YES;
				CLANG_WARN_INFINITE_RECURSION = YES;
				CLANG_WARN_INT_CONVERSION = YES;
				CLANG_WARN_NON_LITERAL_NULL_CONVERSION = YES;
				CLANG_WARN_OBJC_IMPLICIT_RETAIN_SELF = YES;
				CLANG_WARN_OBJC_LITERAL_CONVERSION = YES;
				CLANG_WARN_OBJC_ROOT_CLASS = YES_ERROR;
				CLANG_WARN_QUOTED_INCLUDE_IN_FRAMEWORK_HEADER = YES;
				CLANG_WARN_RANGE_LOOP_ANALYSIS = YES;
				CLANG_WARN_STRICT_PROTOTYPES = YES;
				CLANG_WARN_SUSPICIOUS_MOVE = YES;
				CLANG_WARN_UNGUARDED_AVAILABILITY = YES_AGGRESSIVE;
				CLANG_WARN_UNREACHABLE_CODE = YES;
				CLANG_WARN__DUPLICATE_METHOD_MATCH = YES;
				COPY_PHASE_STRIP = NO;
				DEBUG_INFORMATION_FORMAT = "dwarf-with-dsym";
				ENABLE_NS_ASSERTIONS = NO;
				ENABLE_STRICT_OBJC_MSGSEND = YES;
				GCC_C_LANGUAGE_STANDARD = gnu11;
				GCC_NO_COMMON_BLOCKS = YES;
				GCC_WARN_64_TO_32_BIT_CONVERSION = YES;
				GCC_WARN_ABOUT_RETURN_TYPE = YES_ERROR;
				GCC_WARN_UNDECLARED_SELECTOR = YES;
				GCC_WARN_UNINITIALIZED_AUTOS = YES_AGGRESSIVE;
				GCC_WARN_UNUSED_FUNCTION = YES;
				GCC_WARN_UNUSED_VARIABLE = YES;
				IPHONEOS_DEPLOYMENT_TARGET = 15.5;
				MTL_ENABLE_DEBUG_INFO = NO;
				MTL_FAST_MATH = YES;
				SDKROOT = iphoneos;
				SWIFT_COMPILATION_MODE = wholemodule;
				SWIFT_OPTIMIZATION_LEVEL = "-O";
				VALIDATE_PRODUCT = YES;
			};
			name = Release;
		};
		96E7E81228D6FBD5008C7957 /* Debug */ = {
			isa = XCBuildConfiguration;
			buildSettings = {
				ASSETCATALOG_COMPILER_APPICON_NAME = AppIcon;
				ASSETCATALOG_COMPILER_GLOBAL_ACCENT_COLOR_NAME = AccentColor;
				CODE_SIGN_STYLE = Automatic;
				CURRENT_PROJECT_VERSION = 1;
				DEVELOPMENT_TEAM = PXW8PPKGWF;
				GENERATE_INFOPLIST_FILE = YES;
				INFOPLIST_FILE = StudentManager/Info.plist;
				INFOPLIST_KEY_UIApplicationSupportsIndirectInputEvents = YES;
				INFOPLIST_KEY_UILaunchStoryboardName = LaunchScreen;
				INFOPLIST_KEY_UIMainStoryboardFile = Main;
				INFOPLIST_KEY_UISupportedInterfaceOrientations_iPad = "UIInterfaceOrientationPortrait UIInterfaceOrientationPortraitUpsideDown UIInterfaceOrientationLandscapeLeft UIInterfaceOrientationLandscapeRight";
				INFOPLIST_KEY_UISupportedInterfaceOrientations_iPhone = "UIInterfaceOrientationPortrait UIInterfaceOrientationLandscapeLeft UIInterfaceOrientationLandscapeRight";
				LD_RUNPATH_SEARCH_PATHS = (
					"$(inherited)",
					"@executable_path/Frameworks",
				);
				MARKETING_VERSION = 1.0;
				PRODUCT_BUNDLE_IDENTIFIER = app.hori.moat.StudentManager;
				PRODUCT_NAME = "$(TARGET_NAME)";
				SWIFT_EMIT_LOC_STRINGS = YES;
				SWIFT_VERSION = 5.0;
				TARGETED_DEVICE_FAMILY = "1,2";
			};
			name = Debug;
		};
		96E7E81328D6FBD5008C7957 /* Release */ = {
			isa = XCBuildConfiguration;
			buildSettings = {
				ASSETCATALOG_COMPILER_APPICON_NAME = AppIcon;
				ASSETCATALOG_COMPILER_GLOBAL_ACCENT_COLOR_NAME = AccentColor;
				CODE_SIGN_STYLE = Automatic;
				CURRENT_PROJECT_VERSION = 1;
				DEVELOPMENT_TEAM = PXW8PPKGWF;
				GENERATE_INFOPLIST_FILE = YES;
				INFOPLIST_FILE = StudentManager/Info.plist;
				INFOPLIST_KEY_UIApplicationSupportsIndirectInputEvents = YES;
				INFOPLIST_KEY_UILaunchStoryboardName = LaunchScreen;
				INFOPLIST_KEY_UIMainStoryboardFile = Main;
				INFOPLIST_KEY_UISupportedInterfaceOrientations_iPad = "UIInterfaceOrientationPortrait UIInterfaceOrientationPortraitUpsideDown UIInterfaceOrientationLandscapeLeft UIInterfaceOrientationLandscapeRight";
				INFOPLIST_KEY_UISupportedInterfaceOrientations_iPhone = "UIInterfaceOrientationPortrait UIInterfaceOrientationLandscapeLeft UIInterfaceOrientationLandscapeRight";
				LD_RUNPATH_SEARCH_PATHS = (
					"$(inherited)",
					"@executable_path/Frameworks",
				);
				MARKETING_VERSION = 1.0;
				PRODUCT_BUNDLE_IDENTIFIER = app.hori.moat.StudentManager;
				PRODUCT_NAME = "$(TARGET_NAME)";
				SWIFT_EMIT_LOC_STRINGS = YES;
				SWIFT_VERSION = 5.0;
				TARGETED_DEVICE_FAMILY = "1,2";
			};
			name = Release;
		};
/* End XCBuildConfiguration section */

/* Begin XCConfigurationList section */
		96E7E7F828D6FBCF008C7957 /* Build configuration list for PBXProject "StudentManager" */ = {
			isa = XCConfigurationList;
			buildConfigurations = (
				96E7E80F28D6FBD5008C7957 /* Debug */,
				96E7E81028D6FBD5008C7957 /* Release */,
			);
			defaultConfigurationIsVisible = 0;
			defaultConfigurationName = Release;
		};
		96E7E81128D6FBD5008C7957 /* Build configuration list for PBXNativeTarget "StudentManager" */ = {
			isa = XCConfigurationList;
			buildConfigurations = (
				96E7E81228D6FBD5008C7957 /* Debug */,
				96E7E81328D6FBD5008C7957 /* Release */,
			);
			defaultConfigurationIsVisible = 0;
			defaultConfigurationName = Release;
		};
/* End XCConfigurationList section */

/* Begin XCRemoteSwiftPackageReference section */
		96E7E81828D6FEE1008C7957 /* XCRemoteSwiftPackageReference "realm-swift" */ = {
			isa = XCRemoteSwiftPackageReference;
			repositoryURL = "https://github.com/realm/realm-swift";
			requirement = {
				kind = upToNextMajorVersion;
				minimumVersion = 5.0.0;
			};
		};
/* End XCRemoteSwiftPackageReference section */

/* Begin XCSwiftPackageProductDependency section */
		96E7E81928D6FEE1008C7957 /* Realm */ = {
			isa = XCSwiftPackageProductDependency;
			package = 96E7E81828D6FEE1008C7957 /* XCRemoteSwiftPackageReference "realm-swift" */;
			productName = Realm;
		};
		96E7E81B28D6FEE1008C7957 /* RealmSwift */ = {
			isa = XCSwiftPackageProductDependency;
			package = 96E7E81828D6FEE1008C7957 /* XCRemoteSwiftPackageReference "realm-swift" */;
			productName = RealmSwift;
		};
/* End XCSwiftPackageProductDependency section */
	};
	rootObject = 96E7E7F528D6FBCF008C7957 /* Project object */;
}
